
Microsoft Visual Studio Solution File, Format Version 12.00
# Visual Studio Version 17
VisualStudioVersion = 17.3.32929.385
MinimumVisualStudioVersion = 10.0.40219.1
Project("{FAE04EC0-301F-11D3-BF4B-00C04F79EFBC}") = "WebApplication_bikram", "WebApplication_bikram\WebApplication_bikram.csproj", "{44B5D521-D8FD-483F-94E1-C9CD311A893B}"
EndProject
Global
	GlobalSection(SolutionConfigurationPlatforms) = preSolution
		Debug|Any CPU = Debug|Any CPU
		Release|Any CPU = Release|Any CPU
	EndGlobalSection
	GlobalSection(ProjectConfigurationPlatforms) = postSolution
		{44B5D521-D8FD-483F-94E1-C9CD311A893B}.Debug|Any CPU.ActiveCfg = Debug|Any CPU
		{44B5D521-D8FD-483F-94E1-C9CD311A893B}.Debug|Any CPU.Build.0 = Debug|Any CPU
		{44B5D521-D8FD-483F-94E1-C9CD311A893B}.Release|Any CPU.ActiveCfg = Release|Any CPU
		{44B5D521-D8FD-483F-94E1-C9CD311A893B}.Release|Any CPU.Build.0 = Release|Any CPU
	EndGlobalSection
	GlobalSection(SolutionProperties) = preSolution
		HideSolutionNode = FALSE
	EndGlobalSection
	GlobalSection(ExtensibilityGlobals) = postSolution
		SolutionGuid = {82666170-BA6D-49C2-8162-BF261A7E4671}
	EndGlobalSection
EndGlobal
